
Microsoft Visual Studio Solution File, Format Version 12.00
# Visual Studio Version 16
VisualStudioVersion = 16.0.31702.278
MinimumVisualStudioVersion = 10.0.40219.1
Project("{8BC9CEB8-8B4A-11D0-8D11-00A0C91BC942}") = "Homework-BouncingBrick", "Homework-BouncingBrick\Homework-BouncingBrick.vcxproj", "{120D1EAF-A008-4CA2-ABD4-0A5A34DCF30A}"
EndProject
Project("{8BC9CEB8-8B4A-11D0-8D11-00A0C91BC942}") = "Skeleton-Example", "Skeleton-Example\Skeleton-Example.vcxproj", "{D197D5E5-AC45-4B4D-B939-DAC3A463FD47}"
EndProject
Project("{8BC9CEB8-8B4A-11D0-8D11-00A0C91BC942}") = "Sprite-Example", "Sprite-Example\Sprite-Example.vcxproj", "{AADFB8E6-BDA3-4F69-9F0F-5C30EE6EACBA}"
EndProject
Project("{8BC9CEB8-8B4A-11D0-8D11-00A0C91BC942}") = "Homework-Tiledbackground", "Homework-Tiledbackground\Homework-Tiledbackground.vcxproj", "{172D2C3A-DF88-4A47-91F2-FB771CCFE344}"
EndProject
Project("{8BC9CEB8-8B4A-11D0-8D11-00A0C91BC942}") = "Keyboard-State-Example", "Keyboard-State-Example\Keyboard-State-Example.vcxproj", "{837E614E-8F85-4A8D-8BF3-09615DFFEA1A}"
EndProject
Global
	GlobalSection(SolutionConfigurationPlatforms) = preSolution
		Debug|x64 = Debug|x64
		Debug|x86 = Debug|x86
		Release|x64 = Release|x64
		Release|x86 = Release|x86
	EndGlobalSection
	GlobalSection(ProjectConfigurationPlatforms) = postSolution
		{120D1EAF-A008-4CA2-ABD4-0A5A34DCF30A}.Debug|x64.ActiveCfg = Debug|x64
		{120D1EAF-A008-4CA2-ABD4-0A5A34DCF30A}.Debug|x64.Build.0 = Debug|x64
		{120D1EAF-A008-4CA2-ABD4-0A5A34DCF30A}.Debug|x86.ActiveCfg = Debug|Win32
		{120D1EAF-A008-4CA2-ABD4-0A5A34DCF30A}.Debug|x86.Build.0 = Debug|Win32
		{120D1EAF-A008-4CA2-ABD4-0A5A34DCF30A}.Release|x64.ActiveCfg = Release|x64
		{120D1EAF-A008-4CA2-ABD4-0A5A34DCF30A}.Release|x64.Build.0 = Release|x64
		{120D1EAF-A008-4CA2-ABD4-0A5A34DCF30A}.Release|x86.ActiveCfg = Release|Win32
		{120D1EAF-A008-4CA2-ABD4-0A5A34DCF30A}.Release|x86.Build.0 = Release|Win32
		{D197D5E5-AC45-4B4D-B939-DAC3A463FD47}.Debug|x64.ActiveCfg = Debug|x64
		{D197D5E5-AC45-4B4D-B939-DAC3A463FD47}.Debug|x64.Build.0 = Debug|x64
		{D197D5E5-AC45-4B4D-B939-DAC3A463FD47}.Debug|x86.ActiveCfg = Debug|Win32
		{D197D5E5-AC45-4B4D-B939-DAC3A463FD47}.Debug|x86.Build.0 = Debug|Win32
		{D197D5E5-AC45-4B4D-B939-DAC3A463FD47}.Release|x64.ActiveCfg = Release|x64
		{D197D5E5-AC45-4B4D-B939-DAC3A463FD47}.Release|x64.Build.0 = Release|x64
		{D197D5E5-AC45-4B4D-B939-DAC3A463FD47}.Release|x86.ActiveCfg = Release|Win32
		{D197D5E5-AC45-4B4D-B939-DAC3A463FD47}.Release|x86.Build.0 = Release|Win32
		{AADFB8E6-BDA3-4F69-9F0F-5C30EE6EACBA}.Debug|x64.ActiveCfg = Debug|x64
		{AADFB8E6-BDA3-4F69-9F0F-5C30EE6EACBA}.Debug|x64.Build.0 = Debug|x64
		{AADFB8E6-BDA3-4F69-9F0F-5C30EE6EACBA}.Debug|x86.ActiveCfg = Debug|Win32
		{AADFB8E6-BDA3-4F69-9F0F-5C30EE6EACBA}.Debug|x86.Build.0 = Debug|Win32
		{AADFB8E6-BDA3-4F69-9F0F-5C30EE6EACBA}.Release|x64.ActiveCfg = Release|x64
		{AADFB8E6-BDA3-4F69-9F0F-5C30EE6EACBA}.Release|x64.Build.0 = Release|x64
		{AADFB8E6-BDA3-4F69-9F0F-5C30EE6EACBA}.Release|x86.ActiveCfg = Release|Win32
		{AADFB8E6-BDA3-4F69-9F0F-5C30EE6EACBA}.Release|x86.Build.0 = Release|Win32
		{172D2C3A-DF88-4A47-91F2-FB771CCFE344}.Debug|x64.ActiveCfg = Debug|x64
		{172D2C3A-DF88-4A47-91F2-FB771CCFE344}.Debug|x64.Build.0 = Debug|x64
		{172D2C3A-DF88-4A47-91F2-FB771CCFE344}.Debug|x86.ActiveCfg = Debug|Win32
		{172D2C3A-DF88-4A47-91F2-FB771CCFE344}.Debug|x86.Build.0 = Debug|Win32
		{172D2C3A-DF88-4A47-91F2-FB771CCFE344}.Release|x64.ActiveCfg = Release|x64
		{172D2C3A-DF88-4A47-91F2-FB771CCFE344}.Release|x64.Build.0 = Release|x64
		{172D2C3A-DF88-4A47-91F2-FB771CCFE344}.Release|x86.ActiveCfg = Release|Win32
		{172D2C3A-DF88-4A47-91F2-FB771CCFE344}.Release|x86.Build.0 = Release|Win32
		{837E614E-8F85-4A8D-8BF3-09615DFFEA1A}.Debug|x64.ActiveCfg = Debug|x64
		{837E614E-8F85-4A8D-8BF3-09615DFFEA1A}.Debug|x64.Build.0 = Debug|x64
		{837E614E-8F85-4A8D-8BF3-09615DFFEA1A}.Debug|x86.ActiveCfg = Debug|Win32
		{837E614E-8F85-4A8D-8BF3-09615DFFEA1A}.Debug|x86.Build.0 = Debug|Win32
		{837E614E-8F85-4A8D-8BF3-09615DFFEA1A}.Release|x64.ActiveCfg = Release|x64
		{837E614E-8F85-4A8D-8BF3-09615DFFEA1A}.Release|x64.Build.0 = Release|x64
		{837E614E-8F85-4A8D-8BF3-09615DFFEA1A}.Release|x86.ActiveCfg = Release|Win32
		{837E614E-8F85-4A8D-8BF3-09615DFFEA1A}.Release|x86.Build.0 = Release|Win32
	EndGlobalSection
	GlobalSection(SolutionProperties) = preSolution
		HideSolutionNode = FALSE
	EndGlobalSection
	GlobalSection(ExtensibilityGlobals) = postSolution
		SolutionGuid = {B2A16E4D-CE45-4AE0-A3F8-7A83817B0D7B}
	EndGlobalSection
EndGlobal
